
Microsoft Visual Studio Solution File, Format Version 12.00
# Visual Studio Version 16
VisualStudioVersion = 16.0.29519.87
MinimumVisualStudioVersion = 15.0.26124.0
Project("{9A19103F-16F7-4668-BE54-9A1E7A4F7556}") = "Domain", "Domain\Domain.csproj", "{509D8F5C-07C3-4CEF-BD18-002162C05783}"
EndProject
Project("{9A19103F-16F7-4668-BE54-9A1E7A4F7556}") = "Application", "Application\Application.csproj", "{EA337BC6-0E5C-4796-8A13-49A3E7776080}"
EndProject
Project("{9A19103F-16F7-4668-BE54-9A1E7A4F7556}") = "Persistence", "Persistence\Persistence.csproj", "{FAF77EAA-34BF-44AD-B0A7-29E21441C8CC}"
EndProject
Project("{9A19103F-16F7-4668-BE54-9A1E7A4F7556}") = "API", "API\API.csproj", "{01768E60-2BCB-4227-B3F3-704F9A7E3161}"
	ProjectSection(ProjectDependencies) = postProject
		{5717EFF1-5AFF-48B3-B470-88BA8C55300D} = {5717EFF1-5AFF-48B3-B470-88BA8C55300D}
	EndProjectSection
EndProject
Project("{FAE04EC0-301F-11D3-BF4B-00C04F79EFBC}") = "Infrastructure", "Infrastructure\Infrastructure.csproj", "{5717EFF1-5AFF-48B3-B470-88BA8C55300D}"
	ProjectSection(ProjectDependencies) = postProject
		{EA337BC6-0E5C-4796-8A13-49A3E7776080} = {EA337BC6-0E5C-4796-8A13-49A3E7776080}
	EndProjectSection
EndProject
Global
	GlobalSection(SolutionConfigurationPlatforms) = preSolution
		Debug|Any CPU = Debug|Any CPU
		Debug|x64 = Debug|x64
		Debug|x86 = Debug|x86
		Release|Any CPU = Release|Any CPU
		Release|x64 = Release|x64
		Release|x86 = Release|x86
	EndGlobalSection
	GlobalSection(ProjectConfigurationPlatforms) = postSolution
		{509D8F5C-07C3-4CEF-BD18-002162C05783}.Debug|Any CPU.ActiveCfg = Debug|Any CPU
		{509D8F5C-07C3-4CEF-BD18-002162C05783}.Debug|Any CPU.Build.0 = Debug|Any CPU
		{509D8F5C-07C3-4CEF-BD18-002162C05783}.Debug|x64.ActiveCfg = Debug|Any CPU
		{509D8F5C-07C3-4CEF-BD18-002162C05783}.Debug|x64.Build.0 = Debug|Any CPU
		{509D8F5C-07C3-4CEF-BD18-002162C05783}.Debug|x86.ActiveCfg = Debug|Any CPU
		{509D8F5C-07C3-4CEF-BD18-002162C05783}.Debug|x86.Build.0 = Debug|Any CPU
		{509D8F5C-07C3-4CEF-BD18-002162C05783}.Release|Any CPU.ActiveCfg = Release|Any CPU
		{509D8F5C-07C3-4CEF-BD18-002162C05783}.Release|Any CPU.Build.0 = Release|Any CPU
		{509D8F5C-07C3-4CEF-BD18-002162C05783}.Release|x64.ActiveCfg = Release|Any CPU
		{509D8F5C-07C3-4CEF-BD18-002162C05783}.Release|x64.Build.0 = Release|Any CPU
		{509D8F5C-07C3-4CEF-BD18-002162C05783}.Release|x86.ActiveCfg = Release|Any CPU
		{509D8F5C-07C3-4CEF-BD18-002162C05783}.Release|x86.Build.0 = Release|Any CPU
		{EA337BC6-0E5C-4796-8A13-49A3E7776080}.Debug|Any CPU.ActiveCfg = Debug|Any CPU
		{EA337BC6-0E5C-4796-8A13-49A3E7776080}.Debug|Any CPU.Build.0 = Debug|Any CPU
		{EA337BC6-0E5C-4796-8A13-49A3E7776080}.Debug|x64.ActiveCfg = Debug|Any CPU
		{EA337BC6-0E5C-4796-8A13-49A3E7776080}.Debug|x64.Build.0 = Debug|Any CPU
		{EA337BC6-0E5C-4796-8A13-49A3E7776080}.Debug|x86.ActiveCfg = Debug|Any CPU
		{EA337BC6-0E5C-4796-8A13-49A3E7776080}.Debug|x86.Build.0 = Debug|Any CPU
		{EA337BC6-0E5C-4796-8A13-49A3E7776080}.Release|Any CPU.ActiveCfg = Release|Any CPU
		{EA337BC6-0E5C-4796-8A13-49A3E7776080}.Release|Any CPU.Build.0 = Release|Any CPU
		{EA337BC6-0E5C-4796-8A13-49A3E7776080}.Release|x64.ActiveCfg = Release|Any CPU
		{EA337BC6-0E5C-4796-8A13-49A3E7776080}.Release|x64.Build.0 = Release|Any CPU
		{EA337BC6-0E5C-4796-8A13-49A3E7776080}.Release|x86.ActiveCfg = Release|Any CPU
		{EA337BC6-0E5C-4796-8A13-49A3E7776080}.Release|x86.Build.0 = Release|Any CPU
		{FAF77EAA-34BF-44AD-B0A7-29E21441C8CC}.Debug|Any CPU.ActiveCfg = Debug|Any CPU
		{FAF77EAA-34BF-44AD-B0A7-29E21441C8CC}.Debug|Any CPU.Build.0 = Debug|Any CPU
		{FAF77EAA-34BF-44AD-B0A7-29E21441C8CC}.Debug|x64.ActiveCfg = Debug|Any CPU
		{FAF77EAA-34BF-44AD-B0A7-29E21441C8CC}.Debug|x64.Build.0 = Debug|Any CPU
		{FAF77EAA-34BF-44AD-B0A7-29E21441C8CC}.Debug|x86.ActiveCfg = Debug|Any CPU
		{FAF77EAA-34BF-44AD-B0A7-29E21441C8CC}.Debug|x86.Build.0 = Debug|Any CPU
		{FAF77EAA-34BF-44AD-B0A7-29E21441C8CC}.Release|Any CPU.ActiveCfg = Release|Any CPU
		{FAF77EAA-34BF-44AD-B0A7-29E21441C8CC}.Release|Any CPU.Build.0 = Release|Any CPU
		{FAF77EAA-34BF-44AD-B0A7-29E21441C8CC}.Release|x64.ActiveCfg = Release|Any CPU
		{FAF77EAA-34BF-44AD-B0A7-29E21441C8CC}.Release|x64.Build.0 = Release|Any CPU
		{FAF77EAA-34BF-44AD-B0A7-29E21441C8CC}.Release|x86.ActiveCfg = Release|Any CPU
		{FAF77EAA-34BF-44AD-B0A7-29E21441C8CC}.Release|x86.Build.0 = Release|Any CPU
		{01768E60-2BCB-4227-B3F3-704F9A7E3161}.Debug|Any CPU.ActiveCfg = Debug|Any CPU
		{01768E60-2BCB-4227-B3F3-704F9A7E3161}.Debug|Any CPU.Build.0 = Debug|Any CPU
		{01768E60-2BCB-4227-B3F3-704F9A7E3161}.Debug|x64.ActiveCfg = Debug|Any CPU
		{01768E60-2BCB-4227-B3F3-704F9A7E3161}.Debug|x64.Build.0 = Debug|Any CPU
		{01768E60-2BCB-4227-B3F3-704F9A7E3161}.Debug|x86.ActiveCfg = Debug|Any CPU
		{01768E60-2BCB-4227-B3F3-704F9A7E3161}.Debug|x86.Build.0 = Debug|Any CPU
		{01768E60-2BCB-4227-B3F3-704F9A7E3161}.Release|Any CPU.ActiveCfg = Release|Any CPU
		{01768E60-2BCB-4227-B3F3-704F9A7E3161}.Release|Any CPU.Build.0 = Release|Any CPU
		{01768E60-2BCB-4227-B3F3-704F9A7E3161}.Release|x64.ActiveCfg = Release|Any CPU
		{01768E60-2BCB-4227-B3F3-704F9A7E3161}.Release|x64.Build.0 = Release|Any CPU
		{01768E60-2BCB-4227-B3F3-704F9A7E3161}.Release|x86.ActiveCfg = Release|Any CPU
		{01768E60-2BCB-4227-B3F3-704F9A7E3161}.Release|x86.Build.0 = Release|Any CPU
		{5717EFF1-5AFF-48B3-B470-88BA8C55300D}.Debug|Any CPU.ActiveCfg = Debug|Any CPU
		{5717EFF1-5AFF-48B3-B470-88BA8C55300D}.Debug|Any CPU.Build.0 = Debug|Any CPU
		{5717EFF1-5AFF-48B3-B470-88BA8C55300D}.Debug|x64.ActiveCfg = Debug|Any CPU
		{5717EFF1-5AFF-48B3-B470-88BA8C55300D}.Debug|x64.Build.0 = Debug|Any CPU
		{5717EFF1-5AFF-48B3-B470-88BA8C55300D}.Debug|x86.ActiveCfg = Debug|Any CPU
		{5717EFF1-5AFF-48B3-B470-88BA8C55300D}.Debug|x86.Build.0 = Debug|Any CPU
		{5717EFF1-5AFF-48B3-B470-88BA8C55300D}.Release|Any CPU.ActiveCfg = Release|Any CPU
		{5717EFF1-5AFF-48B3-B470-88BA8C55300D}.Release|Any CPU.Build.0 = Release|Any CPU
		{5717EFF1-5AFF-48B3-B470-88BA8C55300D}.Release|x64.ActiveCfg = Release|Any CPU
		{5717EFF1-5AFF-48B3-B470-88BA8C55300D}.Release|x64.Build.0 = Release|Any CPU
		{5717EFF1-5AFF-48B3-B470-88BA8C55300D}.Release|x86.ActiveCfg = Release|Any CPU
		{5717EFF1-5AFF-48B3-B470-88BA8C55300D}.Release|x86.Build.0 = Release|Any CPU
	EndGlobalSection
	GlobalSection(SolutionProperties) = preSolution
		HideSolutionNode = FALSE
	EndGlobalSection
	GlobalSection(ExtensibilityGlobals) = postSolution
		SolutionGuid = {5DAA24D4-B42E-449E-8546-C64D9CD65C1F}
	EndGlobalSection
EndGlobal
